// !$*UTF8*$!
{
	archiveVersion = 1;
	classes = {
	};
	objectVersion = 56;
	objects = {

/* Begin PBXBuildFile section */
		3B7DC39D2AF01A410040D039 /* AppDelegate.swift in Sources */ = {isa = PBXBuildFile; fileRef = 3B7DC39C2AF01A410040D039 /* AppDelegate.swift */; };
		3B7DC39F2AF01A410040D039 /* SceneDelegate.swift in Sources */ = {isa = PBXBuildFile; fileRef = 3B7DC39E2AF01A410040D039 /* SceneDelegate.swift */; };
		3B7DC3A12AF01A410040D039 /* ViewController.swift in Sources */ = {isa = PBXBuildFile; fileRef = 3B7DC3A02AF01A410040D039 /* ViewController.swift */; };
		3B7DC3A42AF01A410040D039 /* Main.storyboard in Resources */ = {isa = PBXBuildFile; fileRef = 3B7DC3A22AF01A410040D039 /* Main.storyboard */; };
		3B7DC3A62AF01A420040D039 /* Assets.xcassets in Resources */ = {isa = PBXBuildFile; fileRef = 3B7DC3A52AF01A420040D039 /* Assets.xcassets */; };
		3B7DC3A92AF01A420040D039 /* LaunchScreen.storyboard in Resources */ = {isa = PBXBuildFile; fileRef = 3B7DC3A72AF01A420040D039 /* LaunchScreen.storyboard */; };
		3B7DC3B42AF01A420040D039 /* ios_template_projectTests.swift in Sources */ = {isa = PBXBuildFile; fileRef = 3B7DC3B32AF01A420040D039 /* ios_template_projectTests.swift */; };
		3B7DC3BE2AF01A420040D039 /* ios_template_projectUITests.swift in Sources */ = {isa = PBXBuildFile; fileRef = 3B7DC3BD2AF01A420040D039 /* ios_template_projectUITests.swift */; };
		3B7DC3C02AF01A420040D039 /* ios_template_projectUITestsLaunchTests.swift in Sources */ = {isa = PBXBuildFile; fileRef = 3B7DC3BF2AF01A420040D039 /* ios_template_projectUITestsLaunchTests.swift */; };
/* End PBXBuildFile section */

/* Begin PBXContainerItemProxy section */
		3B7DC3B02AF01A420040D039 /* PBXContainerItemProxy */ = {
			isa = PBXContainerItemProxy;
			containerPortal = 3B7DC3912AF01A410040D039 /* Project object */;
			proxyType = 1;
			remoteGlobalIDString = 3B7DC3982AF01A410040D039;
			remoteInfo = "ios-template-project";
		};
		3B7DC3BA2AF01A420040D039 /* PBXContainerItemProxy */ = {
			isa = PBXContainerItemProxy;
			containerPortal = 3B7DC3912AF01A410040D039 /* Project object */;
			proxyType = 1;
			remoteGlobalIDString = 3B7DC3982AF01A410040D039;
			remoteInfo = "ios-template-project";
		};
/* End PBXContainerItemProxy section */

/* Begin PBXFileReference section */
		3B7DC3992AF01A410040D039 /* ios-template-project.app */ = {isa = PBXFileReference; explicitFileType = wrapper.application; includeInIndex = 0; path = "ios-template-project.app"; sourceTree = BUILT_PRODUCTS_DIR; };
		3B7DC39C2AF01A410040D039 /* AppDelegate.swift */ = {isa = PBXFileReference; lastKnownFileType = sourcecode.swift; path = AppDelegate.swift; sourceTree = "<group>"; };
		3B7DC39E2AF01A410040D039 /* SceneDelegate.swift */ = {isa = PBXFileReference; lastKnownFileType = sourcecode.swift; path = SceneDelegate.swift; sourceTree = "<group>"; };
		3B7DC3A02AF01A410040D039 /* ViewController.swift */ = {isa = PBXFileReference; lastKnownFileType = sourcecode.swift; path = ViewController.swift; sourceTree = "<group>"; };
		3B7DC3A32AF01A410040D039 /* Base */ = {isa = PBXFileReference; lastKnownFileType = file.storyboard; name = Base; path = Base.lproj/Main.storyboard; sourceTree = "<group>"; };
		3B7DC3A52AF01A420040D039 /* Assets.xcassets */ = {isa = PBXFileReference; lastKnownFileType = folder.assetcatalog; path = Assets.xcassets; sourceTree = "<group>"; };
		3B7DC3A82AF01A420040D039 /* Base */ = {isa = PBXFileReference; lastKnownFileType = file.storyboard; name = Base; path = Base.lproj/LaunchScreen.storyboard; sourceTree = "<group>"; };
		3B7DC3AA2AF01A420040D039 /* Info.plist */ = {isa = PBXFileReference; lastKnownFileType = text.plist.xml; path = Info.plist; sourceTree = "<group>"; };
		3B7DC3AF2AF01A420040D039 /* ios-template-projectTests.xctest */ = {isa = PBXFileReference; explicitFileType = wrapper.cfbundle; includeInIndex = 0; path = "ios-template-projectTests.xctest"; sourceTree = BUILT_PRODUCTS_DIR; };
		3B7DC3B32AF01A420040D039 /* ios_template_projectTests.swift */ = {isa = PBXFileReference; lastKnownFileType = sourcecode.swift; path = ios_template_projectTests.swift; sourceTree = "<group>"; };
		3B7DC3B92AF01A420040D039 /* ios-template-projectUITests.xctest */ = {isa = PBXFileReference; explicitFileType = wrapper.cfbundle; includeInIndex = 0; path = "ios-template-projectUITests.xctest"; sourceTree = BUILT_PRODUCTS_DIR; };
		3B7DC3BD2AF01A420040D039 /* ios_template_projectUITests.swift */ = {isa = PBXFileReference; lastKnownFileType = sourcecode.swift; path = ios_template_projectUITests.swift; sourceTree = "<group>"; };
		3B7DC3BF2AF01A420040D039 /* ios_template_projectUITestsLaunchTests.swift */ = {isa = PBXFileReference; lastKnownFileType = sourcecode.swift; path = ios_template_projectUITestsLaunchTests.swift; sourceTree = "<group>"; };
/* End PBXFileReference section */

/* Begin PBXFrameworksBuildPhase section */
		3B7DC3962AF01A410040D039 /* Frameworks */ = {
			isa = PBXFrameworksBuildPhase;
			buildActionMask = 2147483647;
			files = (
			);
			runOnlyForDeploymentPostprocessing = 0;
		};
		3B7DC3AC2AF01A420040D039 /* Frameworks */ = {
			isa = PBXFrameworksBuildPhase;
			buildActionMask = 2147483647;
			files = (
			);
			runOnlyForDeploymentPostprocessing = 0;
		};
		3B7DC3B62AF01A420040D039 /* Frameworks */ = {
			isa = PBXFrameworksBuildPhase;
			buildActionMask = 2147483647;
			files = (
			);
			runOnlyForDeploymentPostprocessing = 0;
		};
/* End PBXFrameworksBuildPhase section */

/* Begin PBXGroup section */
		3B7DC3902AF01A410040D039 = {
			isa = PBXGroup;
			children = (
				3B7DC39B2AF01A410040D039 /* ios-template-project */,
				3B7DC3B22AF01A420040D039 /* ios-template-projectTests */,
				3B7DC3BC2AF01A420040D039 /* ios-template-projectUITests */,
				3B7DC39A2AF01A410040D039 /* Products */,
			);
			sourceTree = "<group>";
		};
		3B7DC39A2AF01A410040D039 /* Products */ = {
			isa = PBXGroup;
			children = (
				3B7DC3992AF01A410040D039 /* ios-template-project.app */,
				3B7DC3AF2AF01A420040D039 /* ios-template-projectTests.xctest */,
				3B7DC3B92AF01A420040D039 /* ios-template-projectUITests.xctest */,
			);
			name = Products;
			sourceTree = "<group>";
		};
		3B7DC39B2AF01A410040D039 /* ios-template-project */ = {
			isa = PBXGroup;
			children = (
				3B7DC39C2AF01A410040D039 /* AppDelegate.swift */,
				3B7DC39E2AF01A410040D039 /* SceneDelegate.swift */,
				3B7DC3A02AF01A410040D039 /* ViewController.swift */,
				3B7DC3A22AF01A410040D039 /* Main.storyboard */,
				3B7DC3A52AF01A420040D039 /* Assets.xcassets */,
				3B7DC3A72AF01A420040D039 /* LaunchScreen.storyboard */,
				3B7DC3AA2AF01A420040D039 /* Info.plist */,
			);
			path = "ios-template-project";
			sourceTree = "<group>";
		};
		3B7DC3B22AF01A420040D039 /* ios-template-projectTests */ = {
			isa = PBXGroup;
			children = (
				3B7DC3B32AF01A420040D039 /* ios_template_projectTests.swift */,
			);
			path = "ios-template-projectTests";
			sourceTree = "<group>";
		};
		3B7DC3BC2AF01A420040D039 /* ios-template-projectUITests */ = {
			isa = PBXGroup;
			children = (
				3B7DC3BD2AF01A420040D039 /* ios_template_projectUITests.swift */,
				3B7DC3BF2AF01A420040D039 /* ios_template_projectUITestsLaunchTests.swift */,
			);
			path = "ios-template-projectUITests";
			sourceTree = "<group>";
		};
/* End PBXGroup section */

/* Begin PBXNativeTarget section */
		3B7DC3982AF01A410040D039 /* ios-template-project */ = {
			isa = PBXNativeTarget;
			buildConfigurationList = 3B7DC3C32AF01A420040D039 /* Build configuration list for PBXNativeTarget "ios-template-project" */;
			buildPhases = (
				3B7DC3952AF01A410040D039 /* Sources */,
				3B7DC3962AF01A410040D039 /* Frameworks */,
				3B7DC3972AF01A410040D039 /* Resources */,
			);
			buildRules = (
			);
			dependencies = (
			);
			name = "ios-template-project";
			productName = "ios-template-project";
			productReference = 3B7DC3992AF01A410040D039 /* ios-template-project.app */;
			productType = "com.apple.product-type.application";
		};
		3B7DC3AE2AF01A420040D039 /* ios-template-projectTests */ = {
			isa = PBXNativeTarget;
			buildConfigurationList = 3B7DC3C62AF01A420040D039 /* Build configuration list for PBXNativeTarget "ios-template-projectTests" */;
			buildPhases = (
				3B7DC3AB2AF01A420040D039 /* Sources */,
				3B7DC3AC2AF01A420040D039 /* Frameworks */,
				3B7DC3AD2AF01A420040D039 /* Resources */,
			);
			buildRules = (
			);
			dependencies = (
				3B7DC3B12AF01A420040D039 /* PBXTargetDependency */,
			);
			name = "ios-template-projectTests";
			productName = "ios-template-projectTests";
			productReference = 3B7DC3AF2AF01A420040D039 /* ios-template-projectTests.xctest */;
			productType = "com.apple.product-type.bundle.unit-test";
		};
		3B7DC3B82AF01A420040D039 /* ios-template-projectUITests */ = {
			isa = PBXNativeTarget;
			buildConfigurationList = 3B7DC3C92AF01A420040D039 /* Build configuration list for PBXNativeTarget "ios-template-projectUITests" */;
			buildPhases = (
				3B7DC3B52AF01A420040D039 /* Sources */,
				3B7DC3B62AF01A420040D039 /* Frameworks */,
				3B7DC3B72AF01A420040D039 /* Resources */,
			);
			buildRules = (
			);
			dependencies = (
				3B7DC3BB2AF01A420040D039 /* PBXTargetDependency */,
			);
			name = "ios-template-projectUITests";
			productName = "ios-template-projectUITests";
			productReference = 3B7DC3B92AF01A420040D039 /* ios-template-projectUITests.xctest */;
			productType = "com.apple.product-type.bundle.ui-testing";
		};
/* End PBXNativeTarget section */

/* Begin PBXProject section */
		3B7DC3912AF01A410040D039 /* Project object */ = {
			isa = PBXProject;
			attributes = {
				BuildIndependentTargetsInParallel = 1;
				LastSwiftUpdateCheck = 1430;
				LastUpgradeCheck = 1430;
				TargetAttributes = {
					3B7DC3982AF01A410040D039 = {
						CreatedOnToolsVersion = 14.3.1;
					};
					3B7DC3AE2AF01A420040D039 = {
						CreatedOnToolsVersion = 14.3.1;
						TestTargetID = 3B7DC3982AF01A410040D039;
					};
					3B7DC3B82AF01A420040D039 = {
						CreatedOnToolsVersion = 14.3.1;
						TestTargetID = 3B7DC3982AF01A410040D039;
					};
				};
			};
			buildConfigurationList = 3B7DC3942AF01A410040D039 /* Build configuration list for PBXProject "ios-template-project" */;
			compatibilityVersion = "Xcode 14.0";
			developmentRegion = en;
			hasScannedForEncodings = 0;
			knownRegions = (
				en,
				Base,
			);
			mainGroup = 3B7DC3902AF01A410040D039;
			productRefGroup = 3B7DC39A2AF01A410040D039 /* Products */;
			projectDirPath = "";
			projectRoot = "";
			targets = (
				3B7DC3982AF01A410040D039 /* ios-template-project */,
				3B7DC3AE2AF01A420040D039 /* ios-template-projectTests */,
				3B7DC3B82AF01A420040D039 /* ios-template-projectUITests */,
			);
		};
/* End PBXProject section */

/* Begin PBXResourcesBuildPhase section */
		3B7DC3972AF01A410040D039 /* Resources */ = {
			isa = PBXResourcesBuildPhase;
			buildActionMask = 2147483647;
			files = (
				3B7DC3A92AF01A420040D039 /* LaunchScreen.storyboard in Resources */,
				3B7DC3A62AF01A420040D039 /* Assets.xcassets in Resources */,
				3B7DC3A42AF01A410040D039 /* Main.storyboard in Resources */,
			);
			runOnlyForDeploymentPostprocessing = 0;
		};
		3B7DC3AD2AF01A420040D039 /* Resources */ = {
			isa = PBXResourcesBuildPhase;
			buildActionMask = 2147483647;
			files = (
			);
			runOnlyForDeploymentPostprocessing = 0;
		};
		3B7DC3B72AF01A420040D039 /* Resources */ = {
			isa = PBXResourcesBuildPhase;
			buildActionMask = 2147483647;
			files = (
			);
			runOnlyForDeploymentPostprocessing = 0;
		};
/* End PBXResourcesBuildPhase section */

/* Begin PBXSourcesBuildPhase section */
		3B7DC3952AF01A410040D039 /* Sources */ = {
			isa = PBXSourcesBuildPhase;
			buildActionMask = 2147483647;
			files = (
				3B7DC3A12AF01A410040D039 /* ViewController.swift in Sources */,
				3B7DC39D2AF01A410040D039 /* AppDelegate.swift in Sources */,
				3B7DC39F2AF01A410040D039 /* SceneDelegate.swift in Sources */,
			);
			runOnlyForDeploymentPostprocessing = 0;
		};
		3B7DC3AB2AF01A420040D039 /* Sources */ = {
			isa = PBXSourcesBuildPhase;
			buildActionMask = 2147483647;
			files = (
				3B7DC3B42AF01A420040D039 /* ios_template_projectTests.swift in Sources */,
			);
			runOnlyForDeploymentPostprocessing = 0;
		};
		3B7DC3B52AF01A420040D039 /* Sources */ = {
			isa = PBXSourcesBuildPhase;
			buildActionMask = 2147483647;
			files = (
				3B7DC3C02AF01A420040D039 /* ios_template_projectUITestsLaunchTests.swift in Sources */,
				3B7DC3BE2AF01A420040D039 /* ios_template_projectUITests.swift in Sources */,
			);
			runOnlyForDeploymentPostprocessing = 0;
		};
/* End PBXSourcesBuildPhase section */

/* Begin PBXTargetDependency section */
		3B7DC3B12AF01A420040D039 /* PBXTargetDependency */ = {
			isa = PBXTargetDependency;
			target = 3B7DC3982AF01A410040D039 /* ios-template-project */;
			targetProxy = 3B7DC3B02AF01A420040D039 /* PBXContainerItemProxy */;
		};
		3B7DC3BB2AF01A420040D039 /* PBXTargetDependency */ = {
			isa = PBXTargetDependency;
			target = 3B7DC3982AF01A410040D039 /* ios-template-project */;
			targetProxy = 3B7DC3BA2AF01A420040D039 /* PBXContainerItemProxy */;
		};
/* End PBXTargetDependency section */

/* Begin PBXVariantGroup section */
		3B7DC3A22AF01A410040D039 /* Main.storyboard */ = {
			isa = PBXVariantGroup;
			children = (
				3B7DC3A32AF01A410040D039 /* Base */,
			);
			name = Main.storyboard;
			sourceTree = "<group>";
		};
		3B7DC3A72AF01A420040D039 /* LaunchScreen.storyboard */ = {
			isa = PBXVariantGroup;
			children = (
				3B7DC3A82AF01A420040D039 /* Base */,
			);
			name = LaunchScreen.storyboard;
			sourceTree = "<group>";
		};
/* End PBXVariantGroup section */

/* Begin XCBuildConfiguration section */
		3B7DC3C12AF01A420040D039 /* Debug */ = {
			isa = XCBuildConfiguration;
			buildSettings = {
				ALWAYS_SEARCH_USER_PATHS = NO;
				CLANG_ANALYZER_NONNULL = YES;
				CLANG_ANALYZER_NUMBER_OBJECT_CONVERSION = YES_AGGRESSIVE;
				CLANG_CXX_LANGUAGE_STANDARD = "gnu++20";
				CLANG_ENABLE_MODULES = YES;
				CLANG_ENABLE_OBJC_ARC = YES;
				CLANG_ENABLE_OBJC_WEAK = YES;
				CLANG_WARN_BLOCK_CAPTURE_AUTORELEASING = YES;
				CLANG_WARN_BOOL_CONVERSION = YES;
				CLANG_WARN_COMMA = YES;
				CLANG_WARN_CONSTANT_CONVERSION = YES;
				CLANG_WARN_DEPRECATED_OBJC_IMPLEMENTATIONS = YES;
				CLANG_WARN_DIRECT_OBJC_ISA_USAGE = YES_ERROR;
				CLANG_WARN_DOCUMENTATION_COMMENTS = YES;
				CLANG_WARN_EMPTY_BODY = YES;
				CLANG_WARN_ENUM_CONVERSION = YES;
				CLANG_WARN_INFINITE_RECURSION = YES;
				CLANG_WARN_INT_CONVERSION = YES;
				CLANG_WARN_NON_LITERAL_NULL_CONVERSION = YES;
				CLANG_WARN_OBJC_IMPLICIT_RETAIN_SELF = YES;
				CLANG_WARN_OBJC_LITERAL_CONVERSION = YES;
				CLANG_WARN_OBJC_ROOT_CLASS = YES_ERROR;
				CLANG_WARN_QUOTED_INCLUDE_IN_FRAMEWORK_HEADER = YES;
				CLANG_WARN_RANGE_LOOP_ANALYSIS = YES;
				CLANG_WARN_STRICT_PROTOTYPES = YES;
				CLANG_WARN_SUSPICIOUS_MOVE = YES;
				CLANG_WARN_UNGUARDED_AVAILABILITY = YES_AGGRESSIVE;
				CLANG_WARN_UNREACHABLE_CODE = YES;
				CLANG_WARN__DUPLICATE_METHOD_MATCH = YES;
				COPY_PHASE_STRIP = NO;
				DEBUG_INFORMATION_FORMAT = dwarf;
				ENABLE_STRICT_OBJC_MSGSEND = YES;
				ENABLE_TESTABILITY = YES;
				GCC_C_LANGUAGE_STANDARD = gnu11;
				GCC_DYNAMIC_NO_PIC = NO;
				GCC_NO_COMMON_BLOCKS = YES;
				GCC_OPTIMIZATION_LEVEL = 0;
				GCC_PREPROCESSOR_DEFINITIONS = (
					"DEBUG=1",
					"$(inherited)",
				);
				GCC_WARN_64_TO_32_BIT_CONVERSION = YES;
				GCC_WARN_ABOUT_RETURN_TYPE = YES_ERROR;
				GCC_WARN_UNDECLARED_SELECTOR = YES;
				GCC_WARN_UNINITIALIZED_AUTOS = YES_AGGRESSIVE;
				GCC_WARN_UNUSED_FUNCTION = YES;
				GCC_WARN_UNUSED_VARIABLE = YES;
				IPHONEOS_DEPLOYMENT_TARGET = 16.4;
				MTL_ENABLE_DEBUG_INFO = INCLUDE_SOURCE;
				MTL_FAST_MATH = YES;
				ONLY_ACTIVE_ARCH = YES;
				SDKROOT = iphoneos;
				SWIFT_ACTIVE_COMPILATION_CONDITIONS = DEBUG;
				SWIFT_OPTIMIZATION_LEVEL = "-Onone";
			};
			name = Debug;
		};
		3B7DC3C22AF01A420040D039 /* Release */ = {
			isa = XCBuildConfiguration;
			buildSettings = {
				ALWAYS_SEARCH_USER_PATHS = NO;
				CLANG_ANALYZER_NONNULL = YES;
				CLANG_ANALYZER_NUMBER_OBJECT_CONVERSION = YES_AGGRESSIVE;
				CLANG_CXX_LANGUAGE_STANDARD = "gnu++20";
				CLANG_ENABLE_MODULES = YES;
				CLANG_ENABLE_OBJC_ARC = YES;
				CLANG_ENABLE_OBJC_WEAK = YES;
				CLANG_WARN_BLOCK_CAPTURE_AUTORELEASING = YES;
				CLANG_WARN_BOOL_CONVERSION = YES;
				CLANG_WARN_COMMA = YES;
				CLANG_WARN_CONSTANT_CONVERSION = YES;
				CLANG_WARN_DEPRECATED_OBJC_IMPLEMENTATIONS = YES;
				CLANG_WARN_DIRECT_OBJC_ISA_USAGE = YES_ERROR;
				CLANG_WARN_DOCUMENTATION_COMMENTS = YES;
				CLANG_WARN_EMPTY_BODY = YES;
				CLANG_WARN_ENUM_CONVERSION = YES;
				CLANG_WARN_INFINITE_RECURSION = YES;
				CLANG_WARN_INT_CONVERSION = YES;
				CLANG_WARN_NON_LITERAL_NULL_CONVERSION = YES;
				CLANG_WARN_OBJC_IMPLICIT_RETAIN_SELF = YES;
				CLANG_WARN_OBJC_LITERAL_CONVERSION = YES;
				CLANG_WARN_OBJC_ROOT_CLASS = YES_ERROR;
				CLANG_WARN_QUOTED_INCLUDE_IN_FRAMEWORK_HEADER = YES;
				CLANG_WARN_RANGE_LOOP_ANALYSIS = YES;
				CLANG_WARN_STRICT_PROTOTYPES = YES;
				CLANG_WARN_SUSPICIOUS_MOVE = YES;
				CLANG_WARN_UNGUARDED_AVAILABILITY = YES_AGGRESSIVE;
				CLANG_WARN_UNREACHABLE_CODE = YES;
				CLANG_WARN__DUPLICATE_METHOD_MATCH = YES;
				COPY_PHASE_STRIP = NO;
				DEBUG_INFORMATION_FORMAT = "dwarf-with-dsym";
				ENABLE_NS_ASSERTIONS = NO;
				ENABLE_STRICT_OBJC_MSGSEND = YES;
				GCC_C_LANGUAGE_STANDARD = gnu11;
				GCC_NO_COMMON_BLOCKS = YES;
				GCC_WARN_64_TO_32_BIT_CONVERSION = YES;
				GCC_WARN_ABOUT_RETURN_TYPE = YES_ERROR;
				GCC_WARN_UNDECLARED_SELECTOR = YES;
				GCC_WARN_UNINITIALIZED_AUTOS = YES_AGGRESSIVE;
				GCC_WARN_UNUSED_FUNCTION = YES;
				GCC_WARN_UNUSED_VARIABLE = YES;
				IPHONEOS_DEPLOYMENT_TARGET = 16.4;
				MTL_ENABLE_DEBUG_INFO = NO;
				MTL_FAST_MATH = YES;
				SDKROOT = iphoneos;
				SWIFT_COMPILATION_MODE = wholemodule;
				SWIFT_OPTIMIZATION_LEVEL = "-O";
				VALIDATE_PRODUCT = YES;
			};
			name = Release;
		};
		3B7DC3C42AF01A420040D039 /* Debug */ = {
			isa = XCBuildConfiguration;
			buildSettings = {
				ASSETCATALOG_COMPILER_APPICON_NAME = AppIcon;
				ASSETCATALOG_COMPILER_GLOBAL_ACCENT_COLOR_NAME = AccentColor;
				CODE_SIGN_STYLE = Automatic;
				CURRENT_PROJECT_VERSION = 1;
				DEVELOPMENT_TEAM = 5BP43NW7P4;
				GENERATE_INFOPLIST_FILE = YES;
				INFOPLIST_FILE = "ios-template-project/Info.plist";
				INFOPLIST_KEY_UIApplicationSupportsIndirectInputEvents = YES;
				INFOPLIST_KEY_UILaunchStoryboardName = LaunchScreen;
				INFOPLIST_KEY_UIMainStoryboardFile = Main;
				INFOPLIST_KEY_UISupportedInterfaceOrientations_iPad = "UIInterfaceOrientationPortrait UIInterfaceOrientationPortraitUpsideDown UIInterfaceOrientationLandscapeLeft UIInterfaceOrientationLandscapeRight";
				INFOPLIST_KEY_UISupportedInterfaceOrientations_iPhone = "UIInterfaceOrientationPortrait UIInterfaceOrientationLandscapeLeft UIInterfaceOrientationLandscapeRight";
				LD_RUNPATH_SEARCH_PATHS = (
					"$(inherited)",
					"@executable_path/Frameworks",
				);
				MARKETING_VERSION = 1.0;
				PRODUCT_BUNDLE_IDENTIFIER = "com.kaifu.ios-template-project";
				PRODUCT_NAME = "$(TARGET_NAME)";
				SWIFT_EMIT_LOC_STRINGS = YES;
				SWIFT_VERSION = 5.0;
				TARGETED_DEVICE_FAMILY = "1,2";
			};
			name = Debug;
		};
		3B7DC3C52AF01A420040D039 /* Release */ = {
			isa = XCBuildConfiguration;
			buildSettings = {
				ASSETCATALOG_COMPILER_APPICON_NAME = AppIcon;
				ASSETCATALOG_COMPILER_GLOBAL_ACCENT_COLOR_NAME = AccentColor;
				CODE_SIGN_STYLE = Automatic;
				CURRENT_PROJECT_VERSION = 1;
				DEVELOPMENT_TEAM = 5BP43NW7P4;
				GENERATE_INFOPLIST_FILE = YES;
				INFOPLIST_FILE = "ios-template-project/Info.plist";
				INFOPLIST_KEY_UIApplicationSupportsIndirectInputEvents = YES;
				INFOPLIST_KEY_UILaunchStoryboardName = LaunchScreen;
				INFOPLIST_KEY_UIMainStoryboardFile = Main;
				INFOPLIST_KEY_UISupportedInterfaceOrientations_iPad = "UIInterfaceOrientationPortrait UIInterfaceOrientationPortraitUpsideDown UIInterfaceOrientationLandscapeLeft UIInterfaceOrientationLandscapeRight";
				INFOPLIST_KEY_UISupportedInterfaceOrientations_iPhone = "UIInterfaceOrientationPortrait UIInterfaceOrientationLandscapeLeft UIInterfaceOrientationLandscapeRight";
				LD_RUNPATH_SEARCH_PATHS = (
					"$(inherited)",
					"@executable_path/Frameworks",
				);
				MARKETING_VERSION = 1.0;
				PRODUCT_BUNDLE_IDENTIFIER = "com.kaifu.ios-template-project";
				PRODUCT_NAME = "$(TARGET_NAME)";
				SWIFT_EMIT_LOC_STRINGS = YES;
				SWIFT_VERSION = 5.0;
				TARGETED_DEVICE_FAMILY = "1,2";
			};
			name = Release;
		};
		3B7DC3C72AF01A420040D039 /* Debug */ = {
			isa = XCBuildConfiguration;
			buildSettings = {
				ALWAYS_EMBED_SWIFT_STANDARD_LIBRARIES = YES;
				BUNDLE_LOADER = "$(TEST_HOST)";
				CODE_SIGN_STYLE = Automatic;
				CURRENT_PROJECT_VERSION = 1;
				DEVELOPMENT_TEAM = 5BP43NW7P4;
				GENERATE_INFOPLIST_FILE = YES;
				IPHONEOS_DEPLOYMENT_TARGET = 16.4;
				MARKETING_VERSION = 1.0;
				PRODUCT_BUNDLE_IDENTIFIER = "com.kaifu.ios-template-projectTests";
				PRODUCT_NAME = "$(TARGET_NAME)";
				SWIFT_EMIT_LOC_STRINGS = NO;
				SWIFT_VERSION = 5.0;
				TARGETED_DEVICE_FAMILY = "1,2";
				TEST_HOST = "$(BUILT_PRODUCTS_DIR)/ios-template-project.app/$(BUNDLE_EXECUTABLE_FOLDER_PATH)/ios-template-project";
			};
			name = Debug;
		};
		3B7DC3C82AF01A420040D039 /* Release */ = {
			isa = XCBuildConfiguration;
			buildSettings = {
				ALWAYS_EMBED_SWIFT_STANDARD_LIBRARIES = YES;
				BUNDLE_LOADER = "$(TEST_HOST)";
				CODE_SIGN_STYLE = Automatic;
				CURRENT_PROJECT_VERSION = 1;
				DEVELOPMENT_TEAM = 5BP43NW7P4;
				GENERATE_INFOPLIST_FILE = YES;
				IPHONEOS_DEPLOYMENT_TARGET = 16.4;
				MARKETING_VERSION = 1.0;
				PRODUCT_BUNDLE_IDENTIFIER = "com.kaifu.ios-template-projectTests";
				PRODUCT_NAME = "$(TARGET_NAME)";
				SWIFT_EMIT_LOC_STRINGS = NO;
				SWIFT_VERSION = 5.0;
				TARGETED_DEVICE_FAMILY = "1,2";
				TEST_HOST = "$(BUILT_PRODUCTS_DIR)/ios-template-project.app/$(BUNDLE_EXECUTABLE_FOLDER_PATH)/ios-template-project";
			};
			name = Release;
		};
		3B7DC3CA2AF01A420040D039 /* Debug */ = {
			isa = XCBuildConfiguration;
			buildSettings = {
				ALWAYS_EMBED_SWIFT_STANDARD_LIBRARIES = YES;
				CODE_SIGN_STYLE = Automatic;
				CURRENT_PROJECT_VERSION = 1;
				DEVELOPMENT_TEAM = 5BP43NW7P4;
				GENERATE_INFOPLIST_FILE = YES;
				MARKETING_VERSION = 1.0;
				PRODUCT_BUNDLE_IDENTIFIER = "com.kaifu.ios-template-projectUITests";
				PRODUCT_NAME = "$(TARGET_NAME)";
				SWIFT_EMIT_LOC_STRINGS = NO;
				SWIFT_VERSION = 5.0;
				TARGETED_DEVICE_FAMILY = "1,2";
				TEST_TARGET_NAME = "ios-template-project";
			};
			name = Debug;
		};
		3B7DC3CB2AF01A420040D039 /* Release */ = {
			isa = XCBuildConfiguration;
			buildSettings = {
				ALWAYS_EMBED_SWIFT_STANDARD_LIBRARIES = YES;
				CODE_SIGN_STYLE = Automatic;
				CURRENT_PROJECT_VERSION = 1;
				DEVELOPMENT_TEAM = 5BP43NW7P4;
				GENERATE_INFOPLIST_FILE = YES;
				MARKETING_VERSION = 1.0;
				PRODUCT_BUNDLE_IDENTIFIER = "com.kaifu.ios-template-projectUITests";
				PRODUCT_NAME = "$(TARGET_NAME)";
				SWIFT_EMIT_LOC_STRINGS = NO;
				SWIFT_VERSION = 5.0;
				TARGETED_DEVICE_FAMILY = "1,2";
				TEST_TARGET_NAME = "ios-template-project";
			};
			name = Release;
		};
/* End XCBuildConfiguration section */

/* Begin XCConfigurationList section */
		3B7DC3942AF01A410040D039 /* Build configuration list for PBXProject "ios-template-project" */ = {
			isa = XCConfigurationList;
			buildConfigurations = (
				3B7DC3C12AF01A420040D039 /* Debug */,
				3B7DC3C22AF01A420040D039 /* Release */,
			);
			defaultConfigurationIsVisible = 0;
			defaultConfigurationName = Release;
		};
		3B7DC3C32AF01A420040D039 /* Build configuration list for PBXNativeTarget "ios-template-project" */ = {
			isa = XCConfigurationList;
			buildConfigurations = (
				3B7DC3C42AF01A420040D039 /* Debug */,
				3B7DC3C52AF01A420040D039 /* Release */,
			);
			defaultConfigurationIsVisible = 0;
			defaultConfigurationName = Release;
		};
		3B7DC3C62AF01A420040D039 /* Build configuration list for PBXNativeTarget "ios-template-projectTests" */ = {
			isa = XCConfigurationList;
			buildConfigurations = (
				3B7DC3C72AF01A420040D039 /* Debug */,
				3B7DC3C82AF01A420040D039 /* Release */,
			);
			defaultConfigurationIsVisible = 0;
			defaultConfigurationName = Release;
		};
		3B7DC3C92AF01A420040D039 /* Build configuration list for PBXNativeTarget "ios-template-projectUITests" */ = {
			isa = XCConfigurationList;
			buildConfigurations = (
				3B7DC3CA2AF01A420040D039 /* Debug */,
				3B7DC3CB2AF01A420040D039 /* Release */,
			);
			defaultConfigurationIsVisible = 0;
			defaultConfigurationName = Release;
		};
/* End XCConfigurationList section */
	};
	rootObject = 3B7DC3912AF01A410040D039 /* Project object */;
}
